<Solution>
  <Project Path="src\Fulcrum.Conductor.Cli\Fulcrum.Conductor.Cli.csproj" />
  <Project Path="src\Fulcrum.Conductor.Core\Fulcrum.Conductor.Core.csproj" />
  <Project Path="src\Fulcrum.Conductor.Jinja\Fulcrum.Conductor.Jinja.csproj" />
  <Project Path="test\Fulcrum.Conductor.Core.Tests\Fulcrum.Conductor.Core.Tests.csproj" />
  <Project Path="test\Fulcrum.Conductor.Jinja.Tests\Fulcrum.Conductor.Jinja.Tests.csproj" />
</Solution>
